// !$*UTF8*$!
{
	archiveVersion = 1;
	classes = {
	};
	objectVersion = 55;
	objects = {

/* Begin PBXBuildFile section */
		2A06116D282AA56E00DC92AC /* ProgressHUD.swift in Sources */ = {isa = PBXBuildFile; fileRef = 2A06116C282AA56E00DC92AC /* ProgressHUD.swift */; };
		2A0FC5112806FB0D00DF06BF /* AppDelegate.swift in Sources */ = {isa = PBXBuildFile; fileRef = 2A0FC5102806FB0D00DF06BF /* AppDelegate.swift */; };
		2A0FC5132806FB0D00DF06BF /* SceneDelegate.swift in Sources */ = {isa = PBXBuildFile; fileRef = 2A0FC5122806FB0D00DF06BF /* SceneDelegate.swift */; };
		2A0FC5152806FB0D00DF06BF /* LibraryViewController.swift in Sources */ = {isa = PBXBuildFile; fileRef = 2A0FC5142806FB0D00DF06BF /* LibraryViewController.swift */; };
		2A0FC5182806FB0D00DF06BF /* Main.storyboard in Resources */ = {isa = PBXBuildFile; fileRef = 2A0FC5162806FB0D00DF06BF /* Main.storyboard */; };
		2A0FC51B2806FB0D00DF06BF /* SwiftLibrary.xcdatamodeld in Sources */ = {isa = PBXBuildFile; fileRef = 2A0FC5192806FB0D00DF06BF /* SwiftLibrary.xcdatamodeld */; };
		2A0FC51D2806FB0D00DF06BF /* Assets.xcassets in Resources */ = {isa = PBXBuildFile; fileRef = 2A0FC51C2806FB0D00DF06BF /* Assets.xcassets */; };
		2A0FC5202806FB0D00DF06BF /* LaunchScreen.storyboard in Resources */ = {isa = PBXBuildFile; fileRef = 2A0FC51E2806FB0D00DF06BF /* LaunchScreen.storyboard */; };
		2A45BC702808588A00D1151F /* Book+CoreDataClass.swift in Sources */ = {isa = PBXBuildFile; fileRef = 2A45BC6E2808588A00D1151F /* Book+CoreDataClass.swift */; };
		2A45BC712808588A00D1151F /* Book+CoreDataProperties.swift in Sources */ = {isa = PBXBuildFile; fileRef = 2A45BC6F2808588A00D1151F /* Book+CoreDataProperties.swift */; };
		2AA435AA2812D7D500F6820B /* NewBookViewController.swift in Sources */ = {isa = PBXBuildFile; fileRef = 2AA435A92812D7D500F6820B /* NewBookViewController.swift */; };
		2ABE5212280D906D005CB4B7 /* BookTableViewCell.swift in Sources */ = {isa = PBXBuildFile; fileRef = 2ABE5211280D906D005CB4B7 /* BookTableViewCell.swift */; };
		2ADE0857281966D50099A91D /* Utils.swift in Sources */ = {isa = PBXBuildFile; fileRef = 2ADE0856281966D50099A91D /* Utils.swift */; };
/* End PBXBuildFile section */

/* Begin PBXFileReference section */
		2A06116C282AA56E00DC92AC /* ProgressHUD.swift */ = {isa = PBXFileReference; lastKnownFileType = sourcecode.swift; path = ProgressHUD.swift; sourceTree = "<group>"; };
		2A0FC50D2806FB0D00DF06BF /* SwiftLibrary.app */ = {isa = PBXFileReference; explicitFileType = wrapper.application; includeInIndex = 0; path = SwiftLibrary.app; sourceTree = BUILT_PRODUCTS_DIR; };
		2A0FC5102806FB0D00DF06BF /* AppDelegate.swift */ = {isa = PBXFileReference; lastKnownFileType = sourcecode.swift; path = AppDelegate.swift; sourceTree = "<group>"; };
		2A0FC5122806FB0D00DF06BF /* SceneDelegate.swift */ = {isa = PBXFileReference; lastKnownFileType = sourcecode.swift; path = SceneDelegate.swift; sourceTree = "<group>"; };
		2A0FC5142806FB0D00DF06BF /* LibraryViewController.swift */ = {isa = PBXFileReference; lastKnownFileType = sourcecode.swift; path = LibraryViewController.swift; sourceTree = "<group>"; };
		2A0FC5172806FB0D00DF06BF /* Base */ = {isa = PBXFileReference; lastKnownFileType = file.storyboard; name = Base; path = Base.lproj/Main.storyboard; sourceTree = "<group>"; };
		2A0FC51A2806FB0D00DF06BF /* SwiftLibrary.xcdatamodel */ = {isa = PBXFileReference; lastKnownFileType = wrapper.xcdatamodel; path = SwiftLibrary.xcdatamodel; sourceTree = "<group>"; };
		2A0FC51C2806FB0D00DF06BF /* Assets.xcassets */ = {isa = PBXFileReference; lastKnownFileType = folder.assetcatalog; path = Assets.xcassets; sourceTree = "<group>"; };
		2A0FC51F2806FB0D00DF06BF /* Base */ = {isa = PBXFileReference; lastKnownFileType = file.storyboard; name = Base; path = Base.lproj/LaunchScreen.storyboard; sourceTree = "<group>"; };
		2A0FC5212806FB0D00DF06BF /* Info.plist */ = {isa = PBXFileReference; lastKnownFileType = text.plist.xml; path = Info.plist; sourceTree = "<group>"; };
		2A45BC6E2808588A00D1151F /* Book+CoreDataClass.swift */ = {isa = PBXFileReference; lastKnownFileType = sourcecode.swift; path = "Book+CoreDataClass.swift"; sourceTree = "<group>"; };
		2A45BC6F2808588A00D1151F /* Book+CoreDataProperties.swift */ = {isa = PBXFileReference; lastKnownFileType = sourcecode.swift; path = "Book+CoreDataProperties.swift"; sourceTree = "<group>"; };
		2AA435A92812D7D500F6820B /* NewBookViewController.swift */ = {isa = PBXFileReference; lastKnownFileType = sourcecode.swift; name = NewBookViewController.swift; path = SwiftLibrary/NewBookViewController.swift; sourceTree = "<group>"; };
		2ABE5211280D906D005CB4B7 /* BookTableViewCell.swift */ = {isa = PBXFileReference; lastKnownFileType = sourcecode.swift; name = BookTableViewCell.swift; path = SwiftLibrary/BookTableViewCell.swift; sourceTree = "<group>"; };
		2ADE0856281966D50099A91D /* Utils.swift */ = {isa = PBXFileReference; lastKnownFileType = sourcecode.swift; path = Utils.swift; sourceTree = "<group>"; };
/* End PBXFileReference section */

/* Begin PBXFrameworksBuildPhase section */
		2A0FC50A2806FB0D00DF06BF /* Frameworks */ = {
			isa = PBXFrameworksBuildPhase;
			buildActionMask = 2147483647;
			files = (
			);
			runOnlyForDeploymentPostprocessing = 0;
		};
/* End PBXFrameworksBuildPhase section */

/* Begin PBXGroup section */
		2A0FC5042806FB0D00DF06BF = {
			isa = PBXGroup;
			children = (
				2A0FC50F2806FB0D00DF06BF /* SwiftLibrary */,
				2A0FC50E2806FB0D00DF06BF /* Products */,
			);
			sourceTree = "<group>";
		};
		2A0FC50E2806FB0D00DF06BF /* Products */ = {
			isa = PBXGroup;
			children = (
				2A0FC50D2806FB0D00DF06BF /* SwiftLibrary.app */,
			);
			name = Products;
			sourceTree = "<group>";
		};
		2A0FC50F2806FB0D00DF06BF /* SwiftLibrary */ = {
			isa = PBXGroup;
			children = (
				2A45BC6E2808588A00D1151F /* Book+CoreDataClass.swift */,
				2A45BC6F2808588A00D1151F /* Book+CoreDataProperties.swift */,
				2A0FC52B2806FD4E00DF06BF /* Views */,
				2A0FC52A2806FD3500DF06BF /* Storyboards */,
				2A0FC5292806FD1E00DF06BF /* Controllers */,
				2A0FC5282806FD1000DF06BF /* Models */,
				2A0FC5272806FB9C00DF06BF /* Misc */,
				2A0FC5102806FB0D00DF06BF /* AppDelegate.swift */,
				2A0FC5122806FB0D00DF06BF /* SceneDelegate.swift */,
				2A0FC51C2806FB0D00DF06BF /* Assets.xcassets */,
				2A0FC5212806FB0D00DF06BF /* Info.plist */,
				2A0FC5192806FB0D00DF06BF /* SwiftLibrary.xcdatamodeld */,
			);
			path = SwiftLibrary;
			sourceTree = "<group>";
		};
		2A0FC5272806FB9C00DF06BF /* Misc */ = {
			isa = PBXGroup;
			children = (
				2ADE0856281966D50099A91D /* Utils.swift */,
			);
			name = Misc;
			path = ..;
			sourceTree = "<group>";
		};
		2A0FC5282806FD1000DF06BF /* Models */ = {
			isa = PBXGroup;
			children = (
			);
			name = Models;
			path = ..;
			sourceTree = "<group>";
		};
		2A0FC5292806FD1E00DF06BF /* Controllers */ = {
			isa = PBXGroup;
			children = (
				2A0FC5142806FB0D00DF06BF /* LibraryViewController.swift */,
				2AA435A92812D7D500F6820B /* NewBookViewController.swift */,
			);
			name = Controllers;
			path = ..;
			sourceTree = "<group>";
		};
		2A0FC52A2806FD3500DF06BF /* Storyboards */ = {
			isa = PBXGroup;
			children = (
				2A0FC51E2806FB0D00DF06BF /* LaunchScreen.storyboard */,
				2A0FC5162806FB0D00DF06BF /* Main.storyboard */,
			);
			name = Storyboards;
			path = ..;
			sourceTree = "<group>";
		};
		2A0FC52B2806FD4E00DF06BF /* Views */ = {
			isa = PBXGroup;
			children = (
				2ABE5211280D906D005CB4B7 /* BookTableViewCell.swift */,
				2A06116C282AA56E00DC92AC /* ProgressHUD.swift */,
			);
			name = Views;
			path = ..;
			sourceTree = "<group>";
		};
/* End PBXGroup section */

/* Begin PBXNativeTarget section */
		2A0FC50C2806FB0D00DF06BF /* SwiftLibrary */ = {
			isa = PBXNativeTarget;
			buildConfigurationList = 2A0FC5242806FB0D00DF06BF /* Build configuration list for PBXNativeTarget "SwiftLibrary" */;
			buildPhases = (
				2A0FC5092806FB0D00DF06BF /* Sources */,
				2A0FC50A2806FB0D00DF06BF /* Frameworks */,
				2A0FC50B2806FB0D00DF06BF /* Resources */,
			);
			buildRules = (
			);
			dependencies = (
			);
			name = SwiftLibrary;
			productName = SwiftLibrary;
			productReference = 2A0FC50D2806FB0D00DF06BF /* SwiftLibrary.app */;
			productType = "com.apple.product-type.application";
		};
/* End PBXNativeTarget section */

/* Begin PBXProject section */
		2A0FC5052806FB0D00DF06BF /* Project object */ = {
			isa = PBXProject;
			attributes = {
				BuildIndependentTargetsInParallel = 1;
				LastSwiftUpdateCheck = 1330;
				LastUpgradeCheck = 1330;
				TargetAttributes = {
					2A0FC50C2806FB0D00DF06BF = {
						CreatedOnToolsVersion = 13.3.1;
					};
				};
			};
			buildConfigurationList = 2A0FC5082806FB0D00DF06BF /* Build configuration list for PBXProject "SwiftLibrary" */;
			compatibilityVersion = "Xcode 13.0";
			developmentRegion = en;
			hasScannedForEncodings = 0;
			knownRegions = (
				en,
				Base,
			);
			mainGroup = 2A0FC5042806FB0D00DF06BF;
			productRefGroup = 2A0FC50E2806FB0D00DF06BF /* Products */;
			projectDirPath = "";
			projectRoot = "";
			targets = (
				2A0FC50C2806FB0D00DF06BF /* SwiftLibrary */,
			);
		};
/* End PBXProject section */

/* Begin PBXResourcesBuildPhase section */
		2A0FC50B2806FB0D00DF06BF /* Resources */ = {
			isa = PBXResourcesBuildPhase;
			buildActionMask = 2147483647;
			files = (
				2A0FC5202806FB0D00DF06BF /* LaunchScreen.storyboard in Resources */,
				2A0FC51D2806FB0D00DF06BF /* Assets.xcassets in Resources */,
				2A0FC5182806FB0D00DF06BF /* Main.storyboard in Resources */,
			);
			runOnlyForDeploymentPostprocessing = 0;
		};
/* End PBXResourcesBuildPhase section */

/* Begin PBXSourcesBuildPhase section */
		2A0FC5092806FB0D00DF06BF /* Sources */ = {
			isa = PBXSourcesBuildPhase;
			buildActionMask = 2147483647;
			files = (
				2A45BC702808588A00D1151F /* Book+CoreDataClass.swift in Sources */,
				2A0FC5152806FB0D00DF06BF /* LibraryViewController.swift in Sources */,
				2ADE0857281966D50099A91D /* Utils.swift in Sources */,
				2AA435AA2812D7D500F6820B /* NewBookViewController.swift in Sources */,
				2A45BC712808588A00D1151F /* Book+CoreDataProperties.swift in Sources */,
				2ABE5212280D906D005CB4B7 /* BookTableViewCell.swift in Sources */,
				2A0FC5112806FB0D00DF06BF /* AppDelegate.swift in Sources */,
				2A0FC5132806FB0D00DF06BF /* SceneDelegate.swift in Sources */,
				2A06116D282AA56E00DC92AC /* ProgressHUD.swift in Sources */,
				2A0FC51B2806FB0D00DF06BF /* SwiftLibrary.xcdatamodeld in Sources */,
			);
			runOnlyForDeploymentPostprocessing = 0;
		};
/* End PBXSourcesBuildPhase section */

/* Begin PBXVariantGroup section */
		2A0FC5162806FB0D00DF06BF /* Main.storyboard */ = {
			isa = PBXVariantGroup;
			children = (
				2A0FC5172806FB0D00DF06BF /* Base */,
			);
			name = Main.storyboard;
			sourceTree = "<group>";
		};
		2A0FC51E2806FB0D00DF06BF /* LaunchScreen.storyboard */ = {
			isa = PBXVariantGroup;
			children = (
				2A0FC51F2806FB0D00DF06BF /* Base */,
			);
			name = LaunchScreen.storyboard;
			sourceTree = "<group>";
		};
/* End PBXVariantGroup section */

/* Begin XCBuildConfiguration section */
		2A0FC5222806FB0D00DF06BF /* Debug */ = {
			isa = XCBuildConfiguration;
			buildSettings = {
				ALWAYS_SEARCH_USER_PATHS = NO;
				CLANG_ANALYZER_NONNULL = YES;
				CLANG_ANALYZER_NUMBER_OBJECT_CONVERSION = YES_AGGRESSIVE;
				CLANG_CXX_LANGUAGE_STANDARD = "gnu++17";
				CLANG_ENABLE_MODULES = YES;
				CLANG_ENABLE_OBJC_ARC = YES;
				CLANG_ENABLE_OBJC_WEAK = YES;
				CLANG_WARN_BLOCK_CAPTURE_AUTORELEASING = YES;
				CLANG_WARN_BOOL_CONVERSION = YES;
				CLANG_WARN_COMMA = YES;
				CLANG_WARN_CONSTANT_CONVERSION = YES;
				CLANG_WARN_DEPRECATED_OBJC_IMPLEMENTATIONS = YES;
				CLANG_WARN_DIRECT_OBJC_ISA_USAGE = YES_ERROR;
				CLANG_WARN_DOCUMENTATION_COMMENTS = YES;
				CLANG_WARN_EMPTY_BODY = YES;
				CLANG_WARN_ENUM_CONVERSION = YES;
				CLANG_WARN_INFINITE_RECURSION = YES;
				CLANG_WARN_INT_CONVERSION = YES;
				CLANG_WARN_NON_LITERAL_NULL_CONVERSION = YES;
				CLANG_WARN_OBJC_IMPLICIT_RETAIN_SELF = YES;
				CLANG_WARN_OBJC_LITERAL_CONVERSION = YES;
				CLANG_WARN_OBJC_ROOT_CLASS = YES_ERROR;
				CLANG_WARN_QUOTED_INCLUDE_IN_FRAMEWORK_HEADER = YES;
				CLANG_WARN_RANGE_LOOP_ANALYSIS = YES;
				CLANG_WARN_STRICT_PROTOTYPES = YES;
				CLANG_WARN_SUSPICIOUS_MOVE = YES;
				CLANG_WARN_UNGUARDED_AVAILABILITY = YES_AGGRESSIVE;
				CLANG_WARN_UNREACHABLE_CODE = YES;
				CLANG_WARN__DUPLICATE_METHOD_MATCH = YES;
				COPY_PHASE_STRIP = NO;
				DEBUG_INFORMATION_FORMAT = dwarf;
				ENABLE_STRICT_OBJC_MSGSEND = YES;
				ENABLE_TESTABILITY = YES;
				GCC_C_LANGUAGE_STANDARD = gnu11;
				GCC_DYNAMIC_NO_PIC = NO;
				GCC_NO_COMMON_BLOCKS = YES;
				GCC_OPTIMIZATION_LEVEL = 0;
				GCC_PREPROCESSOR_DEFINITIONS = (
					"DEBUG=1",
					"$(inherited)",
				);
				GCC_WARN_64_TO_32_BIT_CONVERSION = YES;
				GCC_WARN_ABOUT_RETURN_TYPE = YES_ERROR;
				GCC_WARN_UNDECLARED_SELECTOR = YES;
				GCC_WARN_UNINITIALIZED_AUTOS = YES_AGGRESSIVE;
				GCC_WARN_UNUSED_FUNCTION = YES;
				GCC_WARN_UNUSED_VARIABLE = YES;
				IPHONEOS_DEPLOYMENT_TARGET = 15.4;
				MTL_ENABLE_DEBUG_INFO = INCLUDE_SOURCE;
				MTL_FAST_MATH = YES;
				ONLY_ACTIVE_ARCH = YES;
				SDKROOT = iphoneos;
				SWIFT_ACTIVE_COMPILATION_CONDITIONS = DEBUG;
				SWIFT_OPTIMIZATION_LEVEL = "-Onone";
			};
			name = Debug;
		};
		2A0FC5232806FB0D00DF06BF /* Release */ = {
			isa = XCBuildConfiguration;
			buildSettings = {
				ALWAYS_SEARCH_USER_PATHS = NO;
				CLANG_ANALYZER_NONNULL = YES;
				CLANG_ANALYZER_NUMBER_OBJECT_CONVERSION = YES_AGGRESSIVE;
				CLANG_CXX_LANGUAGE_STANDARD = "gnu++17";
				CLANG_ENABLE_MODULES = YES;
				CLANG_ENABLE_OBJC_ARC = YES;
				CLANG_ENABLE_OBJC_WEAK = YES;
				CLANG_WARN_BLOCK_CAPTURE_AUTORELEASING = YES;
				CLANG_WARN_BOOL_CONVERSION = YES;
				CLANG_WARN_COMMA = YES;
				CLANG_WARN_CONSTANT_CONVERSION = YES;
				CLANG_WARN_DEPRECATED_OBJC_IMPLEMENTATIONS = YES;
				CLANG_WARN_DIRECT_OBJC_ISA_USAGE = YES_ERROR;
				CLANG_WARN_DOCUMENTATION_COMMENTS = YES;
				CLANG_WARN_EMPTY_BODY = YES;
				CLANG_WARN_ENUM_CONVERSION = YES;
				CLANG_WARN_INFINITE_RECURSION = YES;
				CLANG_WARN_INT_CONVERSION = YES;
				CLANG_WARN_NON_LITERAL_NULL_CONVERSION = YES;
				CLANG_WARN_OBJC_IMPLICIT_RETAIN_SELF = YES;
				CLANG_WARN_OBJC_LITERAL_CONVERSION = YES;
				CLANG_WARN_OBJC_ROOT_CLASS = YES_ERROR;
				CLANG_WARN_QUOTED_INCLUDE_IN_FRAMEWORK_HEADER = YES;
				CLANG_WARN_RANGE_LOOP_ANALYSIS = YES;
				CLANG_WARN_STRICT_PROTOTYPES = YES;
				CLANG_WARN_SUSPICIOUS_MOVE = YES;
				CLANG_WARN_UNGUARDED_AVAILABILITY = YES_AGGRESSIVE;
				CLANG_WARN_UNREACHABLE_CODE = YES;
				CLANG_WARN__DUPLICATE_METHOD_MATCH = YES;
				COPY_PHASE_STRIP = NO;
				DEBUG_INFORMATION_FORMAT = "dwarf-with-dsym";
				ENABLE_NS_ASSERTIONS = NO;
				ENABLE_STRICT_OBJC_MSGSEND = YES;
				GCC_C_LANGUAGE_STANDARD = gnu11;
				GCC_NO_COMMON_BLOCKS = YES;
				GCC_WARN_64_TO_32_BIT_CONVERSION = YES;
				GCC_WARN_ABOUT_RETURN_TYPE = YES_ERROR;
				GCC_WARN_UNDECLARED_SELECTOR = YES;
				GCC_WARN_UNINITIALIZED_AUTOS = YES_AGGRESSIVE;
				GCC_WARN_UNUSED_FUNCTION = YES;
				GCC_WARN_UNUSED_VARIABLE = YES;
				IPHONEOS_DEPLOYMENT_TARGET = 15.4;
				MTL_ENABLE_DEBUG_INFO = NO;
				MTL_FAST_MATH = YES;
				SDKROOT = iphoneos;
				SWIFT_COMPILATION_MODE = wholemodule;
				SWIFT_OPTIMIZATION_LEVEL = "-O";
				VALIDATE_PRODUCT = YES;
			};
			name = Release;
		};
		2A0FC5252806FB0D00DF06BF /* Debug */ = {
			isa = XCBuildConfiguration;
			buildSettings = {
				ASSETCATALOG_COMPILER_APPICON_NAME = AppIcon;
				ASSETCATALOG_COMPILER_GLOBAL_ACCENT_COLOR_NAME = AccentColor;
				CODE_SIGN_STYLE = Automatic;
				CURRENT_PROJECT_VERSION = 1;
				DEVELOPMENT_TEAM = 4MLUKCT6HP;
				GENERATE_INFOPLIST_FILE = YES;
				INFOPLIST_FILE = SwiftLibrary/Info.plist;
				INFOPLIST_KEY_UIApplicationSupportsIndirectInputEvents = YES;
				INFOPLIST_KEY_UILaunchStoryboardName = LaunchScreen;
				INFOPLIST_KEY_UIMainStoryboardFile = Main;
				INFOPLIST_KEY_UISupportedInterfaceOrientations_iPad = "UIInterfaceOrientationPortrait UIInterfaceOrientationPortraitUpsideDown UIInterfaceOrientationLandscapeLeft UIInterfaceOrientationLandscapeRight";
				INFOPLIST_KEY_UISupportedInterfaceOrientations_iPhone = "UIInterfaceOrientationPortrait UIInterfaceOrientationLandscapeLeft UIInterfaceOrientationLandscapeRight";
				LD_RUNPATH_SEARCH_PATHS = (
					"$(inherited)",
					"@executable_path/Frameworks",
				);
				MARKETING_VERSION = 1.0;
				PRODUCT_BUNDLE_IDENTIFIER = com.rayliu.SwiftLibrary;
				PRODUCT_NAME = "$(TARGET_NAME)";
				SWIFT_EMIT_LOC_STRINGS = YES;
				SWIFT_VERSION = 5.0;
				TARGETED_DEVICE_FAMILY = "1,2";
			};
			name = Debug;
		};
		2A0FC5262806FB0D00DF06BF /* Release */ = {
			isa = XCBuildConfiguration;
			buildSettings = {
				ASSETCATALOG_COMPILER_APPICON_NAME = AppIcon;
				ASSETCATALOG_COMPILER_GLOBAL_ACCENT_COLOR_NAME = AccentColor;
				CODE_SIGN_STYLE = Automatic;
				CURRENT_PROJECT_VERSION = 1;
				DEVELOPMENT_TEAM = 4MLUKCT6HP;
				GENERATE_INFOPLIST_FILE = YES;
				INFOPLIST_FILE = SwiftLibrary/Info.plist;
				INFOPLIST_KEY_UIApplicationSupportsIndirectInputEvents = YES;
				INFOPLIST_KEY_UILaunchStoryboardName = LaunchScreen;
				INFOPLIST_KEY_UIMainStoryboardFile = Main;
				INFOPLIST_KEY_UISupportedInterfaceOrientations_iPad = "UIInterfaceOrientationPortrait UIInterfaceOrientationPortraitUpsideDown UIInterfaceOrientationLandscapeLeft UIInterfaceOrientationLandscapeRight";
				INFOPLIST_KEY_UISupportedInterfaceOrientations_iPhone = "UIInterfaceOrientationPortrait UIInterfaceOrientationLandscapeLeft UIInterfaceOrientationLandscapeRight";
				LD_RUNPATH_SEARCH_PATHS = (
					"$(inherited)",
					"@executable_path/Frameworks",
				);
				MARKETING_VERSION = 1.0;
				PRODUCT_BUNDLE_IDENTIFIER = com.rayliu.SwiftLibrary;
				PRODUCT_NAME = "$(TARGET_NAME)";
				SWIFT_EMIT_LOC_STRINGS = YES;
				SWIFT_VERSION = 5.0;
				TARGETED_DEVICE_FAMILY = "1,2";
			};
			name = Release;
		};
/* End XCBuildConfiguration section */

/* Begin XCConfigurationList section */
		2A0FC5082806FB0D00DF06BF /* Build configuration list for PBXProject "SwiftLibrary" */ = {
			isa = XCConfigurationList;
			buildConfigurations = (
				2A0FC5222806FB0D00DF06BF /* Debug */,
				2A0FC5232806FB0D00DF06BF /* Release */,
			);
			defaultConfigurationIsVisible = 0;
			defaultConfigurationName = Release;
		};
		2A0FC5242806FB0D00DF06BF /* Build configuration list for PBXNativeTarget "SwiftLibrary" */ = {
			isa = XCConfigurationList;
			buildConfigurations = (
				2A0FC5252806FB0D00DF06BF /* Debug */,
				2A0FC5262806FB0D00DF06BF /* Release */,
			);
			defaultConfigurationIsVisible = 0;
			defaultConfigurationName = Release;
		};
/* End XCConfigurationList section */

/* Begin XCVersionGroup section */
		2A0FC5192806FB0D00DF06BF /* SwiftLibrary.xcdatamodeld */ = {
			isa = XCVersionGroup;
			children = (
				2A0FC51A2806FB0D00DF06BF /* SwiftLibrary.xcdatamodel */,
			);
			currentVersion = 2A0FC51A2806FB0D00DF06BF /* SwiftLibrary.xcdatamodel */;
			path = SwiftLibrary.xcdatamodeld;
			sourceTree = "<group>";
			versionGroupType = wrapper.xcdatamodel;
		};
/* End XCVersionGroup section */
	};
	rootObject = 2A0FC5052806FB0D00DF06BF /* Project object */;
}
